
Microsoft Visual Studio Solution File, Format Version 12.00
# Visual Studio Version 17
VisualStudioVersion = 17.0.31903.59
MinimumVisualStudioVersion = 10.0.40219.1
Project("{FAE04EC0-301F-11D3-BF4B-00C04F79EFBC}") = "Calculator", "Calculator\Calculator.csproj", "{70886FD2-AC4C-47C1-A486-B6322AF2C044}"
EndProject
Global
	GlobalSection(SolutionConfigurationPlatforms) = preSolution
		Debug|Any CPU = Debug|Any CPU
		Release|Any CPU = Release|Any CPU
	EndGlobalSection
	GlobalSection(ProjectConfigurationPlatforms) = postSolution
		{70886FD2-AC4C-47C1-A486-B6322AF2C044}.Debug|Any CPU.ActiveCfg = Debug|Any CPU
		{70886FD2-AC4C-47C1-A486-B6322AF2C044}.Debug|Any CPU.Build.0 = Debug|Any CPU
		{70886FD2-AC4C-47C1-A486-B6322AF2C044}.Release|Any CPU.ActiveCfg = Release|Any CPU
		{70886FD2-AC4C-47C1-A486-B6322AF2C044}.Release|Any CPU.Build.0 = Release|Any CPU
	EndGlobalSection
	GlobalSection(SolutionProperties) = preSolution
		HideSolutionNode = FALSE
	EndGlobalSection
	GlobalSection(ExtensibilityGlobals) = postSolution
		SolutionGuid = {52FEC4EB-6C36-4E53-A649-78D6ABA16000}
	EndGlobalSection
EndGlobal
